
Microsoft Visual Studio Solution File, Format Version 12.00
# Visual Studio Version 17
VisualStudioVersion = 17.10.34928.147
MinimumVisualStudioVersion = 10.0.40219.1
Project("{FAE04EC0-301F-11D3-BF4B-00C04F79EFBC}") = "OXGame", "OXGame\OXGame.csproj", "{AC563EA2-C1F6-4BAD-97B9-CBA1D357320D}"
EndProject
Global
	GlobalSection(SolutionConfigurationPlatforms) = preSolution
		Debug|Any CPU = Debug|Any CPU
		Release|Any CPU = Release|Any CPU
	EndGlobalSection
	GlobalSection(ProjectConfigurationPlatforms) = postSolution
		{AC563EA2-C1F6-4BAD-97B9-CBA1D357320D}.Debug|Any CPU.ActiveCfg = Debug|Any CPU
		{AC563EA2-C1F6-4BAD-97B9-CBA1D357320D}.Debug|Any CPU.Build.0 = Debug|Any CPU
		{AC563EA2-C1F6-4BAD-97B9-CBA1D357320D}.Release|Any CPU.ActiveCfg = Release|Any CPU
		{AC563EA2-C1F6-4BAD-97B9-CBA1D357320D}.Release|Any CPU.Build.0 = Release|Any CPU
	EndGlobalSection
	GlobalSection(SolutionProperties) = preSolution
		HideSolutionNode = FALSE
	EndGlobalSection
	GlobalSection(ExtensibilityGlobals) = postSolution
		SolutionGuid = {0078BD2E-EAC4-4C79-9DCA-A1095CF6B72C}
	EndGlobalSection
EndGlobal
